
Microsoft Visual Studio Solution File, Format Version 12.00
# Visual Studio Version 16
VisualStudioVersion = 16.0.31910.168
MinimumVisualStudioVersion = 10.0.40219.1
Project("{9A19103F-16F7-4668-BE54-9A1E7A4F7556}") = "ControleFinanceiro.Api", "ControleFinanceiro.Api\ControleFinanceiro.Api.csproj", "{C8F0D422-1CFF-4916-94C5-BF4EA4B7C12A}"
EndProject
Project("{FAE04EC0-301F-11D3-BF4B-00C04F79EFBC}") = "ControleFinanceiro.Data", "ControleFinanceiro.Data\ControleFinanceiro.Data.csproj", "{B2559CBA-F7F2-4720-8E3D-958165F8F755}"
EndProject
Project("{FAE04EC0-301F-11D3-BF4B-00C04F79EFBC}") = "ControleFinanceiro.Domain", "ControleFinanceiro.Domain\ControleFinanceiro.Domain.csproj", "{9BF292AA-2C34-4819-AF67-B7F06357BA44}"
EndProject
Global
	GlobalSection(SolutionConfigurationPlatforms) = preSolution
		Debug|Any CPU = Debug|Any CPU
		Release|Any CPU = Release|Any CPU
	EndGlobalSection
	GlobalSection(ProjectConfigurationPlatforms) = postSolution
		{C8F0D422-1CFF-4916-94C5-BF4EA4B7C12A}.Debug|Any CPU.ActiveCfg = Debug|Any CPU
		{C8F0D422-1CFF-4916-94C5-BF4EA4B7C12A}.Debug|Any CPU.Build.0 = Debug|Any CPU
		{C8F0D422-1CFF-4916-94C5-BF4EA4B7C12A}.Release|Any CPU.ActiveCfg = Release|Any CPU
		{C8F0D422-1CFF-4916-94C5-BF4EA4B7C12A}.Release|Any CPU.Build.0 = Release|Any CPU
		{B2559CBA-F7F2-4720-8E3D-958165F8F755}.Debug|Any CPU.ActiveCfg = Debug|Any CPU
		{B2559CBA-F7F2-4720-8E3D-958165F8F755}.Debug|Any CPU.Build.0 = Debug|Any CPU
		{B2559CBA-F7F2-4720-8E3D-958165F8F755}.Release|Any CPU.ActiveCfg = Release|Any CPU
		{B2559CBA-F7F2-4720-8E3D-958165F8F755}.Release|Any CPU.Build.0 = Release|Any CPU
		{9BF292AA-2C34-4819-AF67-B7F06357BA44}.Debug|Any CPU.ActiveCfg = Debug|Any CPU
		{9BF292AA-2C34-4819-AF67-B7F06357BA44}.Debug|Any CPU.Build.0 = Debug|Any CPU
		{9BF292AA-2C34-4819-AF67-B7F06357BA44}.Release|Any CPU.ActiveCfg = Release|Any CPU
		{9BF292AA-2C34-4819-AF67-B7F06357BA44}.Release|Any CPU.Build.0 = Release|Any CPU
	EndGlobalSection
	GlobalSection(SolutionProperties) = preSolution
		HideSolutionNode = FALSE
	EndGlobalSection
	GlobalSection(ExtensibilityGlobals) = postSolution
		SolutionGuid = {3620BD1C-8CD2-4890-AEF5-CF5BB03EED14}
	EndGlobalSection
EndGlobal
